Microsoft Visual Studio Solution File, Format Version 12.00
# Visual Studio Version 17
VisualStudioVersion = 17.5.2.0
MinimumVisualStudioVersion = 10.0.40219.1
Project("{FAE04EC0-301F-11D3-BF4B-00C04F79EFBC}") = "FileDownloader2", "FileDownloader2.csproj", "{30F81D5F-488D-2BCD-CBD9-4C8B29279805}"
EndProject
Global
	GlobalSection(SolutionConfigurationPlatforms) = preSolution
		Debug|Any CPU = Debug|Any CPU
		Release|Any CPU = Release|Any CPU
	EndGlobalSection
	GlobalSection(ProjectConfigurationPlatforms) = postSolution
		{30F81D5F-488D-2BCD-CBD9-4C8B29279805}.Debug|Any CPU.ActiveCfg = Debug|Any CPU
		{30F81D5F-488D-2BCD-CBD9-4C8B29279805}.Debug|Any CPU.Build.0 = Debug|Any CPU
		{30F81D5F-488D-2BCD-CBD9-4C8B29279805}.Release|Any CPU.ActiveCfg = Release|Any CPU
		{30F81D5F-488D-2BCD-CBD9-4C8B29279805}.Release|Any CPU.Build.0 = Release|Any CPU
	EndGlobalSection
	GlobalSection(SolutionProperties) = preSolution
		HideSolutionNode = FALSE
	EndGlobalSection
	GlobalSection(ExtensibilityGlobals) = postSolution
		SolutionGuid = {F96113D2-53C0-4049-97B0-A5CD64DA8981}
	EndGlobalSection
EndGlobal
